# This file is automatically @generated by Cargo.
# It is not intended for manual editing.
version = 4

[[package]]
name = "bitflags"
version = "2.11.0"
source = "registry+https://github.com/rust-lang/crates.io-index"
checksum = "843867be96c8daad0d758b57df9392b6d8d271134fce549de6ce169ff98a92af"

[[package]]
name = "embeem-ast"
version = "0.1.0"
dependencies = [
 "embeem-parser",
 "proc-macro2",
 "syn",
 "walkdir",
]

[[package]]
name = "embeem-codegen"
version = "0.1.0"
dependencies = [
 "embeem-ast",
 "embeem-parser",
]

[[package]]
name = "embeem-parser"
version = "0.1.0"
dependencies = [
 "embeem-ast",
 "nom",
]

[[package]]
name = "embeem-wasm"
version = "0.1.0"
dependencies = [
 "embeem-ast",
 "embeem-parser",
 "wasmparser",
]

[[package]]
name = "equivalent"
version = "1.0.2"
source = "registry+https://github.com/rust-lang/crates.io-index"
checksum = "877a4ace8713b0bcf2a4e7eec82529c029f1d0619886d18145fea96c3ffe5c0f"

[[package]]
name = "hashbrown"
version = "0.16.1"
source = "registry+https://github.com/rust-lang/crates.io-index"
checksum = "841d1cc9bed7f9236f321df977030373f4a4163ae1a7dbfe1a51a2c1a51d9100"

[[package]]
name = "indexmap"
version = "2.13.0"
source = "registry+https://github.com/rust-lang/crates.io-index"
checksum = "7714e70437a7dc3ac8eb7e6f8df75fd8eb422675fc7678aff7364301092b1017"
dependencies = [
 "equivalent",
 "hashbrown",
]

[[package]]
name = "memchr"
version = "2.8.0"
source = "registry+https://github.com/rust-lang/crates.io-index"
checksum = "f8ca58f447f06ed17d5fc4043ce1b10dd205e060fb3ce5b979b8ed8e59ff3f79"

[[package]]
name = "nom"
version = "8.0.0"
source = "registry+https://github.com/rust-lang/crates.io-index"
checksum = "df9761775871bdef83bee530e60050f7e54b1105350d6884eb0fb4f46c2f9405"
dependencies = [
 "memchr",
]

[[package]]
name = "proc-macro2"
version = "1.0.106"
source = "registry+https://github.com/rust-lang/crates.io-index"
checksum = "8fd00f0bb2e90d81d1044c2b32617f68fcb9fa3bb7640c23e9c748e53fb30934"
dependencies = [
 "unicode-ident",
]

[[package]]
name = "quote"
version = "1.0.45"
source = "registry+https://github.com/rust-lang/crates.io-index"
checksum = "41f2619966050689382d2b44f664f4bc593e129785a36d6ee376ddf37259b924"
dependencies = [
 "proc-macro2",
]

[[package]]
name = "same-file"
version = "1.0.6"
source = "registry+https://github.com/rust-lang/crates.io-index"
checksum = "93fc1dc3aaa9bfed95e02e6eadabb4baf7e3078b0bd1b4d7b6b0b68378900502"
dependencies = [
 "winapi-util",
]

[[package]]
name = "syn"
version = "2.0.117"
source = "registry+https://github.com/rust-lang/crates.io-index"
checksum = "e665b8803e7b1d2a727f4023456bbbbe74da67099c585258af0ad9c5013b9b99"
dependencies = [
 "proc-macro2",
 "quote",
 "unicode-ident",
]

[[package]]
name = "unicode-ident"
version = "1.0.24"
source = "registry+https://github.com/rust-lang/crates.io-index"
checksum = "e6e4313cd5fcd3dad5cafa179702e2b244f760991f45397d14d4ebf38247da75"

[[package]]
name = "walkdir"
version = "2.5.0"
source = "registry+https://github.com/rust-lang/crates.io-index"
checksum = "29790946404f91d9c5d06f9874efddea1dc06c5efe94541a7d6863108e3a5e4b"
dependencies = [
 "same-file",
 "winapi-util",
]

[[package]]
name = "wasmparser"
version = "0.242.0"
source = "registry+https://github.com/rust-lang/crates.io-index"
checksum = "ed3c6e611f4cd748d85c767815823b777dc56afca793fcda27beae4e85028849"
dependencies = [
 "bitflags",
 "indexmap",
]

[[package]]
name = "winapi-util"
version = "0.1.11"
source = "registry+https://github.com/rust-lang/crates.io-index"
checksum = "c2a7b1c03c876122aa43f3020e6c3c3ee5c05081c9a00739faf7503aeba10d22"
dependencies = [
 "windows-sys",
]

[[package]]
name = "windows-link"
version = "0.2.1"
source = "registry+https://github.com/rust-lang/crates.io-index"
checksum = "f0805222e57f7521d6a62e36fa9163bc891acd422f971defe97d64e70d0a4fe5"

[[package]]
name = "windows-sys"
version = "0.61.2"
source = "registry+https://github.com/rust-lang/crates.io-index"
checksum = "ae137229bcbd6cdf0f7b80a31df61766145077ddf49416a728b02cb3921ff3fc"
dependencies = [
 "windows-link",
]

[[patch.unused]]
name = "ast-traits"
version = "0.1.0"

[[patch.unused]]
name = "cfg-traits"
version = "0.2.3"

[[patch.unused]]
name = "register-machine-traits"
version = "0.2.3"

[[patch.unused]]
name = "sift-trait"
version = "0.2.3"

[[patch.unused]]
name = "siftify"
version = "0.1.0"

[[patch.unused]]
name = "ssa-canon"
version = "0.2.3"

[[patch.unused]]
name = "ssa-cc"
version = "0.2.3"

[[patch.unused]]
name = "ssa-impls"
version = "0.2.3"

[[patch.unused]]
name = "ssa-pliron-compat"
version = "0.1.0"

[[patch.unused]]
name = "ssa-reloop"
version = "0.2.3"

[[patch.unused]]
name = "ssa-reloop2"
version = "0.2.3"

[[patch.unused]]
name = "ssa-rust"
version = "0.2.3"

[[patch.unused]]
name = "ssa-trace"
version = "0.1.0"

[[patch.unused]]
name = "ssa-traits"
version = "0.2.3"

[[patch.unused]]
name = "ssa-translation"
version = "0.2.3"

[[patch.unused]]
name = "tac-traits"
version = "0.2.3"

[[patch.unused]]
name = "type-onion"
version = "0.2.3"

[[patch.unused]]
name = "px-wsdom"
version = "0.0.6"

[[patch.unused]]
name = "px-wsdom-axum"
version = "0.0.6"

[[patch.unused]]
name = "px-wsdom-core"
version = "0.0.6"

[[patch.unused]]
name = "px-wsdom-dom"
version = "0.0.6"

[[patch.unused]]
name = "px-wsdom-javascript"
version = "0.0.6"

[[patch.unused]]
name = "px-wsdom-macros"
version = "0.0.6"

[[patch.unused]]
name = "px-wsdom-macros-decl"
version = "0.0.6"

[[patch.unused]]
name = "rv-asm"
version = "0.2.1"

[[patch.unused]]
name = "portal-solutions-sdk"
version = "0.0.2"

[[patch.unused]]
name = "pit-core"
version = "0.5.0-alpha.1"

[[patch.unused]]
name = "embedded-llm"
version = "0.1.0"

[[patch.unused]]
name = "embedded-llm-tools"
version = "0.1.0"

[[patch.unused]]
name = "portal-pc-asm-common"
version = "0.1.1"

[[patch.unused]]
name = "portal-solutions-asm-aarch64"
version = "0.1.0"

[[patch.unused]]
name = "portal-solutions-asm-jvm"
version = "0.1.0"

[[patch.unused]]
name = "portal-solutions-asm-regalloc"
version = "0.1.0"

[[patch.unused]]
name = "portal-solutions-asm-riscv64"
version = "0.1.0"

[[patch.unused]]
name = "portal-solutions-asm-semantics"
version = "0.1.0"

[[patch.unused]]
name = "portal-solutions-asm-x86-64"
version = "0.1.0"

[[patch.unused]]
name = "portal-solutions-asm-x86-64-shim"
version = "0.1.0"

[[patch.unused]]
name = "dreamcomp-ir-plugin-host"
version = "0.1.0"

[[patch.unused]]
name = "dreamcomp-plugin-common"
version = "0.1.0"

[[patch.unused]]
name = "dreamcompiler-arena"
version = "0.1.0"

[[patch.unused]]
name = "dreamcompiler-codegen"
version = "0.1.0"

[[patch.unused]]
name = "dreamcompiler-core"
version = "0.1.0"

[[patch.unused]]
name = "dreamcompiler-cps"
version = "0.1.0"

[[patch.unused]]
name = "dreamcompiler-cps-c-backend"
version = "0.1.0"

[[patch.unused]]
name = "dreamcompiler-e2e-tests"
version = "0.1.0"

[[patch.unused]]
name = "dreamcompiler-edu"
version = "0.1.0"

[[patch.unused]]
name = "dreamcompiler-fast-ir"
version = "0.1.0"

[[patch.unused]]
name = "dreamcompiler-lower"
version = "0.1.0"

[[patch.unused]]
name = "dreamcompiler-mini-target"
version = "0.1.0"

[[patch.unused]]
name = "dreamcompiler-minibc"
version = "0.1.0"

[[patch.unused]]
name = "dreamcompiler-minibc-c-interp"
version = "0.1.0"

[[patch.unused]]
name = "dreamcompiler-minibc-interp"
version = "0.1.0"

[[patch.unused]]
name = "pit-gen"
version = "0.1.0"

[[patch.unused]]
name = "pit-lang-generic"
version = "0.1.0"

[[patch.unused]]
name = "pit-rust-generic"
version = "0.1.0"

[[patch.unused]]
name = "portal-solutions-swibb"
version = "0.6.0-alpha.1"

[[patch.unused]]
name = "dex-bytecode"
version = "0.1.0"

[[patch.unused]]
name = "osctx"
version = "0.1.0"

[[patch.unused]]
name = "speet-dex"
version = "0.1.0"

[[patch.unused]]
name = "speet-link-core"
version = "0.1.0"

[[patch.unused]]
name = "speet-linker"
version = "0.1.0"

[[patch.unused]]
name = "speet-memory"
version = "0.1.0"

[[patch.unused]]
name = "speet-mips"
version = "0.1.0"

[[patch.unused]]
name = "speet-module-builder"
version = "0.1.0"

[[patch.unused]]
name = "speet-module-target"
version = "0.1.0"

[[patch.unused]]
name = "speet-object"
version = "0.1.0"

[[patch.unused]]
name = "speet-ordering"
version = "0.1.0"

[[patch.unused]]
name = "speet-powerpc"
version = "0.1.0"

[[patch.unused]]
name = "speet-reach"
version = "0.1.0"

[[patch.unused]]
name = "speet-riscv"
version = "0.1.0"

[[patch.unused]]
name = "speet-schedule"
version = "0.1.0"

[[patch.unused]]
name = "speet-traps"
version = "0.1.0"

[[patch.unused]]
name = "speet-wasm-helpers"
version = "0.1.0"

[[patch.unused]]
name = "speet-x86_64"
version = "0.1.0"

[[patch.unused]]
name = "wasm-layout"
version = "0.1.0"

[[patch.unused]]
name = "yecta"
version = "0.1.0"

[[patch.unused]]
name = "ephemera"
version = "0.1.0"

[[patch.unused]]
name = "vaffle"
version = "0.1.0"

[[patch.unused]]
name = "volar-c-backend"
version = "0.1.0"

[[patch.unused]]
name = "volar-common"
version = "0.1.0"

[[patch.unused]]
name = "volar-compiler"
version = "0.1.0"

[[patch.unused]]
name = "volar-compiler-common"
version = "0.1.0"

[[patch.unused]]
name = "volar-compiler-passes"
version = "0.1.0"

[[patch.unused]]
name = "volar-dyn"
version = "0.1.0"

[[patch.unused]]
name = "volar-ir"
version = "0.1.0"

[[patch.unused]]
name = "volar-ir-common"
version = "0.1.0"

[[patch.unused]]
name = "volar-ir-lir-target"
version = "0.1.0"

[[patch.unused]]
name = "volar-ir-passes"
version = "0.1.0"

[[patch.unused]]
name = "volar-lir"
version = "0.1.0"

[[patch.unused]]
name = "volar-lir-codegen"
version = "0.1.0"

[[patch.unused]]
name = "volar-primitives"
version = "0.1.0"

[[patch.unused]]
name = "volar-provenance"
version = "0.1.0"

[[patch.unused]]
name = "volar-spec"
version = "0.1.0"

[[patch.unused]]
name = "volar-spec-dyn"
version = "0.1.0"

[[patch.unused]]
name = "volar-vaffle-target"
version = "0.1.0"

[[patch.unused]]
name = "volar-weaver"
version = "0.1.0"

[[patch.unused]]
name = "wax-core"
version = "0.1.0"

[[patch.unused]]
name = "wax-tags"
version = "0.1.0"

[[patch.unused]]
name = "portal-pc-waffle"
version = "0.6.0-alpha.1"

[[patch.unused]]
name = "portal-pc-waffle-backend"
version = "0.6.0-alpha.1"

[[patch.unused]]
name = "portal-pc-waffle-copying"
version = "0.6.0-alpha.1"

[[patch.unused]]
name = "portal-pc-waffle-copying-passes"
version = "0.6.0-alpha.1"

[[patch.unused]]
name = "portal-pc-waffle-entity"
version = "0.6.0-alpha.1"

[[patch.unused]]
name = "portal-pc-waffle-frontend"
version = "0.6.0-alpha.1"

[[patch.unused]]
name = "portal-pc-waffle-fuzzing"
version = "0.6.0-alpha.1"

[[patch.unused]]
name = "portal-pc-waffle-hooking"
version = "0.6.0-alpha.1"

[[patch.unused]]
name = "portal-pc-waffle-ir"
version = "0.6.0-alpha.1"

[[patch.unused]]
name = "portal-pc-waffle-lowering"
version = "0.6.0-alpha.1"

[[patch.unused]]
name = "portal-pc-waffle-passes"
version = "0.6.0-alpha.1"

[[patch.unused]]
name = "portal-pc-waffle-passes-shared"
version = "0.6.0-alpha.1"

[[patch.unused]]
name = "portal-jsc-common"
version = "0.8.0-pre.11"

[[patch.unused]]
name = "portal-jsc-generator"
version = "0.8.0-pre.10"

[[patch.unused]]
name = "portal-jsc-simpl-js"
version = "0.8.0-pre.11"

[[patch.unused]]
name = "portal-jsc-swc-cfg"
version = "0.8.0-pre.11"

[[patch.unused]]
name = "portal-jsc-swc-ll-common"
version = "0.8.0-pre.11"

[[patch.unused]]
name = "portal-jsc-swc-opt-ssa"
version = "0.8.0-pre.11"

[[patch.unused]]
name = "portal-jsc-swc-ssa"
version = "0.8.0-pre.11"

[[patch.unused]]
name = "portal-jsc-swc-tac"
version = "0.8.0-pre.11"

[[patch.unused]]
name = "portal-jsc-swc-util"
version = "0.8.0-pre.11"
